
Microsoft Visual Studio Solution File, Format Version 12.00
# Visual Studio Version 16
VisualStudioVersion = 16.0.29911.84
MinimumVisualStudioVersion = 10.0.40219.1
Project("{FAE04EC0-301F-11D3-BF4B-00C04F79EFBC}") = "BSKv5", "BSKv5\BSKv5.csproj", "{F30D0AA4-68C4-4513-A7AD-25EA0ACF3195}"
EndProject
Global
	GlobalSection(SolutionConfigurationPlatforms) = preSolution
		Debug|Any CPU = Debug|Any CPU
		Release|Any CPU = Release|Any CPU
	EndGlobalSection
	GlobalSection(ProjectConfigurationPlatforms) = postSolution
		{F30D0AA4-68C4-4513-A7AD-25EA0ACF3195}.Debug|Any CPU.ActiveCfg = Debug|Any CPU
		{F30D0AA4-68C4-4513-A7AD-25EA0ACF3195}.Debug|Any CPU.Build.0 = Debug|Any CPU
		{F30D0AA4-68C4-4513-A7AD-25EA0ACF3195}.Release|Any CPU.ActiveCfg = Release|Any CPU
		{F30D0AA4-68C4-4513-A7AD-25EA0ACF3195}.Release|Any CPU.Build.0 = Release|Any CPU
	EndGlobalSection
	GlobalSection(SolutionProperties) = preSolution
		HideSolutionNode = FALSE
	EndGlobalSection
	GlobalSection(ExtensibilityGlobals) = postSolution
		SolutionGuid = {1005B5A7-A657-4463-8C38-D3D5BB407750}
	EndGlobalSection
EndGlobal
